// !$*UTF8*$!
{
	archiveVersion = 1;
	classes = {
	};
	objectVersion = 50;
	objects = {

/* Begin PBXBuildFile section */
		61F8C8A522F54F5F008B48A7 /* AppDelegate.swift in Sources */ = {isa = PBXBuildFile; fileRef = 61F8C8A422F54F5F008B48A7 /* AppDelegate.swift */; };
		61F8C8A722F54F5F008B48A7 /* ViewController.swift in Sources */ = {isa = PBXBuildFile; fileRef = 61F8C8A622F54F5F008B48A7 /* ViewController.swift */; };
		61F8C8AA22F54F5F008B48A7 /* Main.storyboard in Resources */ = {isa = PBXBuildFile; fileRef = 61F8C8A822F54F5F008B48A7 /* Main.storyboard */; };
		61F8C8AC22F54F61008B48A7 /* Assets.xcassets in Resources */ = {isa = PBXBuildFile; fileRef = 61F8C8AB22F54F61008B48A7 /* Assets.xcassets */; };
		61F8C8AF22F54F61008B48A7 /* LaunchScreen.storyboard in Resources */ = {isa = PBXBuildFile; fileRef = 61F8C8AD22F54F61008B48A7 /* LaunchScreen.storyboard */; };
		A851DD88151D797735D3C08E /* Pods_RSSFeed.framework in Frameworks */ = {isa = PBXBuildFile; fileRef = 3E9A3CA784E2135CCEE1AC80 /* Pods_RSSFeed.framework */; };
/* End PBXBuildFile section */

/* Begin PBXFileReference section */
		3E9A3CA784E2135CCEE1AC80 /* Pods_RSSFeed.framework */ = {isa = PBXFileReference; explicitFileType = wrapper.framework; includeInIndex = 0; path = Pods_RSSFeed.framework; sourceTree = BUILT_PRODUCTS_DIR; };
		4B2C2E4A497AFBE6C9503A82 /* Pods-RSSFeed.debug.xcconfig */ = {isa = PBXFileReference; includeInIndex = 1; lastKnownFileType = text.xcconfig; name = "Pods-RSSFeed.debug.xcconfig"; path = "Target Support Files/Pods-RSSFeed/Pods-RSSFeed.debug.xcconfig"; sourceTree = "<group>"; };
		61F8C8A122F54F5F008B48A7 /* RSSFeed.app */ = {isa = PBXFileReference; explicitFileType = wrapper.application; includeInIndex = 0; path = RSSFeed.app; sourceTree = BUILT_PRODUCTS_DIR; };
		61F8C8A422F54F5F008B48A7 /* AppDelegate.swift */ = {isa = PBXFileReference; lastKnownFileType = sourcecode.swift; path = AppDelegate.swift; sourceTree = "<group>"; };
		61F8C8A622F54F5F008B48A7 /* ViewController.swift */ = {isa = PBXFileReference; lastKnownFileType = sourcecode.swift; path = ViewController.swift; sourceTree = "<group>"; };
		61F8C8A922F54F5F008B48A7 /* Base */ = {isa = PBXFileReference; lastKnownFileType = file.storyboard; name = Base; path = Base.lproj/Main.storyboard; sourceTree = "<group>"; };
		61F8C8AB22F54F61008B48A7 /* Assets.xcassets */ = {isa = PBXFileReference; lastKnownFileType = folder.assetcatalog; path = Assets.xcassets; sourceTree = "<group>"; };
		61F8C8AE22F54F61008B48A7 /* Base */ = {isa = PBXFileReference; lastKnownFileType = file.storyboard; name = Base; path = Base.lproj/LaunchScreen.storyboard; sourceTree = "<group>"; };
		61F8C8B022F54F61008B48A7 /* Info.plist */ = {isa = PBXFileReference; lastKnownFileType = text.plist.xml; path = Info.plist; sourceTree = "<group>"; };
		F0A11F2AD700375B23185806 /* Pods-RSSFeed.release.xcconfig */ = {isa = PBXFileReference; includeInIndex = 1; lastKnownFileType = text.xcconfig; name = "Pods-RSSFeed.release.xcconfig"; path = "Target Support Files/Pods-RSSFeed/Pods-RSSFeed.release.xcconfig"; sourceTree = "<group>"; };
/* End PBXFileReference section */

/* Begin PBXFrameworksBuildPhase section */
		61F8C89E22F54F5F008B48A7 /* Frameworks */ = {
			isa = PBXFrameworksBuildPhase;
			buildActionMask = 2147483647;
			files = (
				A851DD88151D797735D3C08E /* Pods_RSSFeed.framework in Frameworks */,
			);
			runOnlyForDeploymentPostprocessing = 0;
		};
/* End PBXFrameworksBuildPhase section */

/* Begin PBXGroup section */
		61F8C89822F54F5F008B48A7 = {
			isa = PBXGroup;
			children = (
				61F8C8A322F54F5F008B48A7 /* RSSFeed */,
				61F8C8A222F54F5F008B48A7 /* Products */,
				B266527D4F42A9D91E0039DD /* Pods */,
				85405C486322C09BC688054B /* Frameworks */,
			);
			sourceTree = "<group>";
		};
		61F8C8A222F54F5F008B48A7 /* Products */ = {
			isa = PBXGroup;
			children = (
				61F8C8A122F54F5F008B48A7 /* RSSFeed.app */,
			);
			name = Products;
			sourceTree = "<group>";
		};
		61F8C8A322F54F5F008B48A7 /* RSSFeed */ = {
			isa = PBXGroup;
			children = (
				61F8C8A422F54F5F008B48A7 /* AppDelegate.swift */,
				61F8C8A622F54F5F008B48A7 /* ViewController.swift */,
				61F8C8A822F54F5F008B48A7 /* Main.storyboard */,
				61F8C8AB22F54F61008B48A7 /* Assets.xcassets */,
				61F8C8AD22F54F61008B48A7 /* LaunchScreen.storyboard */,
				61F8C8B022F54F61008B48A7 /* Info.plist */,
			);
			path = RSSFeed;
			sourceTree = "<group>";
		};
		85405C486322C09BC688054B /* Frameworks */ = {
			isa = PBXGroup;
			children = (
				3E9A3CA784E2135CCEE1AC80 /* Pods_RSSFeed.framework */,
			);
			name = Frameworks;
			sourceTree = "<group>";
		};
		B266527D4F42A9D91E0039DD /* Pods */ = {
			isa = PBXGroup;
			children = (
				4B2C2E4A497AFBE6C9503A82 /* Pods-RSSFeed.debug.xcconfig */,
				F0A11F2AD700375B23185806 /* Pods-RSSFeed.release.xcconfig */,
			);
			name = Pods;
			path = Pods;
			sourceTree = "<group>";
		};
/* End PBXGroup section */

/* Begin PBXNativeTarget section */
		61F8C8A022F54F5F008B48A7 /* RSSFeed */ = {
			isa = PBXNativeTarget;
			buildConfigurationList = 61F8C8B322F54F61008B48A7 /* Build configuration list for PBXNativeTarget "RSSFeed" */;
			buildPhases = (
				B17EFD068B806E3DBAD6634C /* [CP] Check Pods Manifest.lock */,
				61F8C89D22F54F5F008B48A7 /* Sources */,
				61F8C89E22F54F5F008B48A7 /* Frameworks */,
				61F8C89F22F54F5F008B48A7 /* Resources */,
				ED840A6044F311128D3A672C /* [CP] Embed Pods Frameworks */,
			);
			buildRules = (
			);
			dependencies = (
			);
			name = RSSFeed;
			productName = RSSFeed;
			productReference = 61F8C8A122F54F5F008B48A7 /* RSSFeed.app */;
			productType = "com.apple.product-type.application";
		};
/* End PBXNativeTarget section */

/* Begin PBXProject section */
		61F8C89922F54F5F008B48A7 /* Project object */ = {
			isa = PBXProject;
			attributes = {
				LastSwiftUpdateCheck = 1020;
				LastUpgradeCheck = 1020;
				ORGANIZATIONNAME = "Jerome Rodriguez";
				TargetAttributes = {
					61F8C8A022F54F5F008B48A7 = {
						CreatedOnToolsVersion = 10.2;
					};
				};
			};
			buildConfigurationList = 61F8C89C22F54F5F008B48A7 /* Build configuration list for PBXProject "RSSFeed" */;
			compatibilityVersion = "Xcode 9.3";
			developmentRegion = en;
			hasScannedForEncodings = 0;
			knownRegions = (
				en,
				Base,
			);
			mainGroup = 61F8C89822F54F5F008B48A7;
			productRefGroup = 61F8C8A222F54F5F008B48A7 /* Products */;
			projectDirPath = "";
			projectRoot = "";
			targets = (
				61F8C8A022F54F5F008B48A7 /* RSSFeed */,
			);
		};
/* End PBXProject section */

/* Begin PBXResourcesBuildPhase section */
		61F8C89F22F54F5F008B48A7 /* Resources */ = {
			isa = PBXResourcesBuildPhase;
			buildActionMask = 2147483647;
			files = (
				61F8C8AF22F54F61008B48A7 /* LaunchScreen.storyboard in Resources */,
				61F8C8AC22F54F61008B48A7 /* Assets.xcassets in Resources */,
				61F8C8AA22F54F5F008B48A7 /* Main.storyboard in Resources */,
			);
			runOnlyForDeploymentPostprocessing = 0;
		};
/* End PBXResourcesBuildPhase section */

/* Begin PBXShellScriptBuildPhase section */
		B17EFD068B806E3DBAD6634C /* [CP] Check Pods Manifest.lock */ = {
			isa = PBXShellScriptBuildPhase;
			buildActionMask = 2147483647;
			files = (
			);
			inputFileListPaths = (
			);
			inputPaths = (
				"${PODS_PODFILE_DIR_PATH}/Podfile.lock",
				"${PODS_ROOT}/Manifest.lock",
			);
			name = "[CP] Check Pods Manifest.lock";
			outputFileListPaths = (
			);
			outputPaths = (
				"$(DERIVED_FILE_DIR)/Pods-RSSFeed-checkManifestLockResult.txt",
			);
			runOnlyForDeploymentPostprocessing = 0;
			shellPath = /bin/sh;
			shellScript = "diff \"${PODS_PODFILE_DIR_PATH}/Podfile.lock\" \"${PODS_ROOT}/Manifest.lock\" > /dev/null\nif [ $? != 0 ] ; then\n    # print error to STDERR\n    echo \"error: The sandbox is not in sync with the Podfile.lock. Run 'pod install' or update your CocoaPods installation.\" >&2\n    exit 1\nfi\n# This output is used by Xcode 'outputs' to avoid re-running this script phase.\necho \"SUCCESS\" > \"${SCRIPT_OUTPUT_FILE_0}\"\n";
			showEnvVarsInLog = 0;
		};
		ED840A6044F311128D3A672C /* [CP] Embed Pods Frameworks */ = {
			isa = PBXShellScriptBuildPhase;
			buildActionMask = 2147483647;
			files = (
			);
			inputFileListPaths = (
				"${PODS_ROOT}/Target Support Files/Pods-RSSFeed/Pods-RSSFeed-frameworks-${CONFIGURATION}-input-files.xcfilelist",
			);
			name = "[CP] Embed Pods Frameworks";
			outputFileListPaths = (
				"${PODS_ROOT}/Target Support Files/Pods-RSSFeed/Pods-RSSFeed-frameworks-${CONFIGURATION}-output-files.xcfilelist",
			);
			runOnlyForDeploymentPostprocessing = 0;
			shellPath = /bin/sh;
			shellScript = "\"${PODS_ROOT}/Target Support Files/Pods-RSSFeed/Pods-RSSFeed-frameworks.sh\"\n";
			showEnvVarsInLog = 0;
		};
/* End PBXShellScriptBuildPhase section */

/* Begin PBXSourcesBuildPhase section */
		61F8C89D22F54F5F008B48A7 /* Sources */ = {
			isa = PBXSourcesBuildPhase;
			buildActionMask = 2147483647;
			files = (
				61F8C8A722F54F5F008B48A7 /* ViewController.swift in Sources */,
				61F8C8A522F54F5F008B48A7 /* AppDelegate.swift in Sources */,
			);
			runOnlyForDeploymentPostprocessing = 0;
		};
/* End PBXSourcesBuildPhase section */

/* Begin PBXVariantGroup section */
		61F8C8A822F54F5F008B48A7 /* Main.storyboard */ = {
			isa = PBXVariantGroup;
			children = (
				61F8C8A922F54F5F008B48A7 /* Base */,
			);
			name = Main.storyboard;
			sourceTree = "<group>";
		};
		61F8C8AD22F54F61008B48A7 /* LaunchScreen.storyboard */ = {
			isa = PBXVariantGroup;
			children = (
				61F8C8AE22F54F61008B48A7 /* Base */,
			);
			name = LaunchScreen.storyboard;
			sourceTree = "<group>";
		};
/* End PBXVariantGroup section */

/* Begin XCBuildConfiguration section */
		61F8C8B122F54F61008B48A7 /* Debug */ = {
			isa = XCBuildConfiguration;
			buildSettings = {
				ALWAYS_SEARCH_USER_PATHS = NO;
				CLANG_ANALYZER_NONNULL = YES;
				CLANG_ANALYZER_NUMBER_OBJECT_CONVERSION = YES_AGGRESSIVE;
				CLANG_CXX_LANGUAGE_STANDARD = "gnu++14";
				CLANG_CXX_LIBRARY = "libc++";
				CLANG_ENABLE_MODULES = YES;
				CLANG_ENABLE_OBJC_ARC = YES;
				CLANG_ENABLE_OBJC_WEAK = YES;
				CLANG_WARN_BLOCK_CAPTURE_AUTORELEASING = YES;
				CLANG_WARN_BOOL_CONVERSION = YES;
				CLANG_WARN_COMMA = YES;
				CLANG_WARN_CONSTANT_CONVERSION = YES;
				CLANG_WARN_DEPRECATED_OBJC_IMPLEMENTATIONS = YES;
				CLANG_WARN_DIRECT_OBJC_ISA_USAGE = YES_ERROR;
				CLANG_WARN_DOCUMENTATION_COMMENTS = YES;
				CLANG_WARN_EMPTY_BODY = YES;
				CLANG_WARN_ENUM_CONVERSION = YES;
				CLANG_WARN_INFINITE_RECURSION = YES;
				CLANG_WARN_INT_CONVERSION = YES;
				CLANG_WARN_NON_LITERAL_NULL_CONVERSION = YES;
				CLANG_WARN_OBJC_IMPLICIT_RETAIN_SELF = YES;
				CLANG_WARN_OBJC_LITERAL_CONVERSION = YES;
				CLANG_WARN_OBJC_ROOT_CLASS = YES_ERROR;
				CLANG_WARN_RANGE_LOOP_ANALYSIS = YES;
				CLANG_WARN_STRICT_PROTOTYPES = YES;
				CLANG_WARN_SUSPICIOUS_MOVE = YES;
				CLANG_WARN_UNGUARDED_AVAILABILITY = YES_AGGRESSIVE;
				CLANG_WARN_UNREACHABLE_CODE = YES;
				CLANG_WARN__DUPLICATE_METHOD_MATCH = YES;
				CODE_SIGN_IDENTITY = "iPhone Developer";
				COPY_PHASE_STRIP = NO;
				DEBUG_INFORMATION_FORMAT = dwarf;
				ENABLE_STRICT_OBJC_MSGSEND = YES;
				ENABLE_TESTABILITY = YES;
				GCC_C_LANGUAGE_STANDARD = gnu11;
				GCC_DYNAMIC_NO_PIC = NO;
				GCC_NO_COMMON_BLOCKS = YES;
				GCC_OPTIMIZATION_LEVEL = 0;
				GCC_PREPROCESSOR_DEFINITIONS = (
					"DEBUG=1",
					"$(inherited)",
				);
				GCC_WARN_64_TO_32_BIT_CONVERSION = YES;
				GCC_WARN_ABOUT_RETURN_TYPE = YES_ERROR;
				GCC_WARN_UNDECLARED_SELECTOR = YES;
				GCC_WARN_UNINITIALIZED_AUTOS = YES_AGGRESSIVE;
				GCC_WARN_UNUSED_FUNCTION = YES;
				GCC_WARN_UNUSED_VARIABLE = YES;
				IPHONEOS_DEPLOYMENT_TARGET = 12.2;
				MTL_ENABLE_DEBUG_INFO = INCLUDE_SOURCE;
				MTL_FAST_MATH = YES;
				ONLY_ACTIVE_ARCH = YES;
				SDKROOT = iphoneos;
				SWIFT_ACTIVE_COMPILATION_CONDITIONS = DEBUG;
				SWIFT_OPTIMIZATION_LEVEL = "-Onone";
			};
			name = Debug;
		};
		61F8C8B222F54F61008B48A7 /* Release */ = {
			isa = XCBuildConfiguration;
			buildSettings = {
				ALWAYS_SEARCH_USER_PATHS = NO;
				CLANG_ANALYZER_NONNULL = YES;
				CLANG_ANALYZER_NUMBER_OBJECT_CONVERSION = YES_AGGRESSIVE;
				CLANG_CXX_LANGUAGE_STANDARD = "gnu++14";
				CLANG_CXX_LIBRARY = "libc++";
				CLANG_ENABLE_MODULES = YES;
				CLANG_ENABLE_OBJC_ARC = YES;
				CLANG_ENABLE_OBJC_WEAK = YES;
				CLANG_WARN_BLOCK_CAPTURE_AUTORELEASING = YES;
				CLANG_WARN_BOOL_CONVERSION = YES;
				CLANG_WARN_COMMA = YES;
				CLANG_WARN_CONSTANT_CONVERSION = YES;
				CLANG_WARN_DEPRECATED_OBJC_IMPLEMENTATIONS = YES;
				CLANG_WARN_DIRECT_OBJC_ISA_USAGE = YES_ERROR;
				CLANG_WARN_DOCUMENTATION_COMMENTS = YES;
				CLANG_WARN_EMPTY_BODY = YES;
				CLANG_WARN_ENUM_CONVERSION = YES;
				CLANG_WARN_INFINITE_RECURSION = YES;
				CLANG_WARN_INT_CONVERSION = YES;
				CLANG_WARN_NON_LITERAL_NULL_CONVERSION = YES;
				CLANG_WARN_OBJC_IMPLICIT_RETAIN_SELF = YES;
				CLANG_WARN_OBJC_LITERAL_CONVERSION = YES;
				CLANG_WARN_OBJC_ROOT_CLASS = YES_ERROR;
				CLANG_WARN_RANGE_LOOP_ANALYSIS = YES;
				CLANG_WARN_STRICT_PROTOTYPES = YES;
				CLANG_WARN_SUSPICIOUS_MOVE = YES;
				CLANG_WARN_UNGUARDED_AVAILABILITY = YES_AGGRESSIVE;
				CLANG_WARN_UNREACHABLE_CODE = YES;
				CLANG_WARN__DUPLICATE_METHOD_MATCH = YES;
				CODE_SIGN_IDENTITY = "iPhone Developer";
				COPY_PHASE_STRIP = NO;
				DEBUG_INFORMATION_FORMAT = "dwarf-with-dsym";
				ENABLE_NS_ASSERTIONS = NO;
				ENABLE_STRICT_OBJC_MSGSEND = YES;
				GCC_C_LANGUAGE_STANDARD = gnu11;
				GCC_NO_COMMON_BLOCKS = YES;
				GCC_WARN_64_TO_32_BIT_CONVERSION = YES;
				GCC_WARN_ABOUT_RETURN_TYPE = YES_ERROR;
				GCC_WARN_UNDECLARED_SELECTOR = YES;
				GCC_WARN_UNINITIALIZED_AUTOS = YES_AGGRESSIVE;
				GCC_WARN_UNUSED_FUNCTION = YES;
				GCC_WARN_UNUSED_VARIABLE = YES;
				IPHONEOS_DEPLOYMENT_TARGET = 12.2;
				MTL_ENABLE_DEBUG_INFO = NO;
				MTL_FAST_MATH = YES;
				SDKROOT = iphoneos;
				SWIFT_COMPILATION_MODE = wholemodule;
				SWIFT_OPTIMIZATION_LEVEL = "-O";
				VALIDATE_PRODUCT = YES;
			};
			name = Release;
		};
		61F8C8B422F54F61008B48A7 /* Debug */ = {
			isa = XCBuildConfiguration;
			baseConfigurationReference = 4B2C2E4A497AFBE6C9503A82 /* Pods-RSSFeed.debug.xcconfig */;
			buildSettings = {
				ASSETCATALOG_COMPILER_APPICON_NAME = AppIcon;
				CODE_SIGN_STYLE = Automatic;
				DEVELOPMENT_TEAM = TQNPF967MS;
				INFOPLIST_FILE = RSSFeed/Info.plist;
				LD_RUNPATH_SEARCH_PATHS = (
					"$(inherited)",
					"@executable_path/Frameworks",
				);
				PRODUCT_BUNDLE_IDENTIFIER = Jeromerrodriguez.RSSFeed;
				PRODUCT_NAME = "$(TARGET_NAME)";
				SWIFT_VERSION = 5.0;
				TARGETED_DEVICE_FAMILY = "1,2";
			};
			name = Debug;
		};
		61F8C8B522F54F61008B48A7 /* Release */ = {
			isa = XCBuildConfiguration;
			baseConfigurationReference = F0A11F2AD700375B23185806 /* Pods-RSSFeed.release.xcconfig */;
			buildSettings = {
				ASSETCATALOG_COMPILER_APPICON_NAME = AppIcon;
				CODE_SIGN_STYLE = Automatic;
				DEVELOPMENT_TEAM = TQNPF967MS;
				INFOPLIST_FILE = RSSFeed/Info.plist;
				LD_RUNPATH_SEARCH_PATHS = (
					"$(inherited)",
					"@executable_path/Frameworks",
				);
				PRODUCT_BUNDLE_IDENTIFIER = Jeromerrodriguez.RSSFeed;
				PRODUCT_NAME = "$(TARGET_NAME)";
				SWIFT_VERSION = 5.0;
				TARGETED_DEVICE_FAMILY = "1,2";
			};
			name = Release;
		};
/* End XCBuildConfiguration section */

/* Begin XCConfigurationList section */
		61F8C89C22F54F5F008B48A7 /* Build configuration list for PBXProject "RSSFeed" */ = {
			isa = XCConfigurationList;
			buildConfigurations = (
				61F8C8B122F54F61008B48A7 /* Debug */,
				61F8C8B222F54F61008B48A7 /* Release */,
			);
			defaultConfigurationIsVisible = 0;
			defaultConfigurationName = Release;
		};
		61F8C8B322F54F61008B48A7 /* Build configuration list for PBXNativeTarget "RSSFeed" */ = {
			isa = XCConfigurationList;
			buildConfigurations = (
				61F8C8B422F54F61008B48A7 /* Debug */,
				61F8C8B522F54F61008B48A7 /* Release */,
			);
			defaultConfigurationIsVisible = 0;
			defaultConfigurationName = Release;
		};
/* End XCConfigurationList section */
	};
	rootObject = 61F8C89922F54F5F008B48A7 /* Project object */;
}
